
Microsoft Visual Studio Solution File, Format Version 12.00
# Visual Studio Version 17
VisualStudioVersion = 17.14.36511.14 d17.14
MinimumVisualStudioVersion = 10.0.40219.1
Project("{FAE04EC0-301F-11D3-BF4B-00C04F79EFBC}") = "Bai04", "Bai04\Bai04.csproj", "{A36CF97C-18EE-4EC0-BB76-C71B4815A5A0}"
EndProject
Global
	GlobalSection(SolutionConfigurationPlatforms) = preSolution
		Debug|Any CPU = Debug|Any CPU
		Release|Any CPU = Release|Any CPU
	EndGlobalSection
	GlobalSection(ProjectConfigurationPlatforms) = postSolution
		{A36CF97C-18EE-4EC0-BB76-C71B4815A5A0}.Debug|Any CPU.ActiveCfg = Debug|Any CPU
		{A36CF97C-18EE-4EC0-BB76-C71B4815A5A0}.Debug|Any CPU.Build.0 = Debug|Any CPU
		{A36CF97C-18EE-4EC0-BB76-C71B4815A5A0}.Release|Any CPU.ActiveCfg = Release|Any CPU
		{A36CF97C-18EE-4EC0-BB76-C71B4815A5A0}.Release|Any CPU.Build.0 = Release|Any CPU
	EndGlobalSection
	GlobalSection(SolutionProperties) = preSolution
		HideSolutionNode = FALSE
	EndGlobalSection
	GlobalSection(ExtensibilityGlobals) = postSolution
		SolutionGuid = {1CAB7ABB-69A9-43C0-A1DB-EA1BC60F2F33}
	EndGlobalSection
EndGlobal
